
Microsoft Visual Studio Solution File, Format Version 12.00
# Visual Studio Version 17
VisualStudioVersion = 17.11.35312.102
MinimumVisualStudioVersion = 10.0.40219.1
Project("{FAE04EC0-301F-11D3-BF4B-00C04F79EFBC}") = "NumberGame", "NumberGame\NumberGame.csproj", "{474626DF-0F30-4943-AFDE-2ABEBEE8C94B}"
EndProject
Global
	GlobalSection(SolutionConfigurationPlatforms) = preSolution
		Debug|Any CPU = Debug|Any CPU
		Release|Any CPU = Release|Any CPU
	EndGlobalSection
	GlobalSection(ProjectConfigurationPlatforms) = postSolution
		{474626DF-0F30-4943-AFDE-2ABEBEE8C94B}.Debug|Any CPU.ActiveCfg = Debug|Any CPU
		{474626DF-0F30-4943-AFDE-2ABEBEE8C94B}.Debug|Any CPU.Build.0 = Debug|Any CPU
		{474626DF-0F30-4943-AFDE-2ABEBEE8C94B}.Release|Any CPU.ActiveCfg = Release|Any CPU
		{474626DF-0F30-4943-AFDE-2ABEBEE8C94B}.Release|Any CPU.Build.0 = Release|Any CPU
	EndGlobalSection
	GlobalSection(SolutionProperties) = preSolution
		HideSolutionNode = FALSE
	EndGlobalSection
	GlobalSection(ExtensibilityGlobals) = postSolution
		SolutionGuid = {13DF5D46-EC47-4DEA-BA68-315CFA83DF6A}
	EndGlobalSection
EndGlobal
